
Microsoft Visual Studio Solution File, Format Version 12.00
# Visual Studio Version 17
VisualStudioVersion = 17.6.33801.468
MinimumVisualStudioVersion = 10.0.40219.1
Project("{FAE04EC0-301F-11D3-BF4B-00C04F79EFBC}") = "ConsoleApp3", "ConsoleApp3\ConsoleApp3.csproj", "{19FFF656-F882-48AB-9C32-2557526F5CBC}"
EndProject
Global
	GlobalSection(SolutionConfigurationPlatforms) = preSolution
		Debug|Any CPU = Debug|Any CPU
		Release|Any CPU = Release|Any CPU
	EndGlobalSection
	GlobalSection(ProjectConfigurationPlatforms) = postSolution
		{19FFF656-F882-48AB-9C32-2557526F5CBC}.Debug|Any CPU.ActiveCfg = Debug|Any CPU
		{19FFF656-F882-48AB-9C32-2557526F5CBC}.Debug|Any CPU.Build.0 = Debug|Any CPU
		{19FFF656-F882-48AB-9C32-2557526F5CBC}.Release|Any CPU.ActiveCfg = Release|Any CPU
		{19FFF656-F882-48AB-9C32-2557526F5CBC}.Release|Any CPU.Build.0 = Release|Any CPU
	EndGlobalSection
	GlobalSection(SolutionProperties) = preSolution
		HideSolutionNode = FALSE
	EndGlobalSection
	GlobalSection(ExtensibilityGlobals) = postSolution
		SolutionGuid = {03E70126-653E-43D9-A08F-7C4C3AF1DE38}
	EndGlobalSection
EndGlobal
